
Microsoft Visual Studio Solution File, Format Version 12.00
# Visual Studio Version 17
VisualStudioVersion = 17.2.32616.157
MinimumVisualStudioVersion = 10.0.40219.1
Project("{FAE04EC0-301F-11D3-BF4B-00C04F79EFBC}") = "io_io", "io_io\io_io.csproj", "{8499621B-F992-4A6D-A343-E7E345C6F9D4}"
EndProject
Project("{FAE04EC0-301F-11D3-BF4B-00C04F79EFBC}") = "io_io2", "io_io2\io_io2.csproj", "{D0EC7ADD-BD02-416C-9113-DACDED13BA33}"
EndProject
Project("{FAE04EC0-301F-11D3-BF4B-00C04F79EFBC}") = "io_io3", "io_io3\io_io3.csproj", "{BFCE837C-51BC-49CA-B72A-E9F651AB04C6}"
EndProject
Global
	GlobalSection(SolutionConfigurationPlatforms) = preSolution
		Debug|Any CPU = Debug|Any CPU
		Release|Any CPU = Release|Any CPU
	EndGlobalSection
	GlobalSection(ProjectConfigurationPlatforms) = postSolution
		{8499621B-F992-4A6D-A343-E7E345C6F9D4}.Debug|Any CPU.ActiveCfg = Debug|Any CPU
		{8499621B-F992-4A6D-A343-E7E345C6F9D4}.Debug|Any CPU.Build.0 = Debug|Any CPU
		{8499621B-F992-4A6D-A343-E7E345C6F9D4}.Release|Any CPU.ActiveCfg = Release|Any CPU
		{8499621B-F992-4A6D-A343-E7E345C6F9D4}.Release|Any CPU.Build.0 = Release|Any CPU
		{D0EC7ADD-BD02-416C-9113-DACDED13BA33}.Debug|Any CPU.ActiveCfg = Debug|Any CPU
		{D0EC7ADD-BD02-416C-9113-DACDED13BA33}.Debug|Any CPU.Build.0 = Debug|Any CPU
		{D0EC7ADD-BD02-416C-9113-DACDED13BA33}.Release|Any CPU.ActiveCfg = Release|Any CPU
		{D0EC7ADD-BD02-416C-9113-DACDED13BA33}.Release|Any CPU.Build.0 = Release|Any CPU
		{BFCE837C-51BC-49CA-B72A-E9F651AB04C6}.Debug|Any CPU.ActiveCfg = Debug|Any CPU
		{BFCE837C-51BC-49CA-B72A-E9F651AB04C6}.Debug|Any CPU.Build.0 = Debug|Any CPU
		{BFCE837C-51BC-49CA-B72A-E9F651AB04C6}.Release|Any CPU.ActiveCfg = Release|Any CPU
		{BFCE837C-51BC-49CA-B72A-E9F651AB04C6}.Release|Any CPU.Build.0 = Release|Any CPU
	EndGlobalSection
	GlobalSection(SolutionProperties) = preSolution
		HideSolutionNode = FALSE
	EndGlobalSection
	GlobalSection(ExtensibilityGlobals) = postSolution
		SolutionGuid = {AC2E2FB4-CD9E-4429-AECE-906826C6ABF9}
	EndGlobalSection
EndGlobal
